
Microsoft Visual Studio Solution File, Format Version 12.00
# Visual Studio Version 16
VisualStudioVersion = 16.0.31702.278
MinimumVisualStudioVersion = 10.0.40219.1
Project("{FAE04EC0-301F-11D3-BF4B-00C04F79EFBC}") = "ConsoleApp3", "ConsoleApp3\ConsoleApp3.csproj", "{C05872B1-C97E-4019-BD35-BFE07CB6CB9F}"
EndProject
Global
	GlobalSection(SolutionConfigurationPlatforms) = preSolution
		Debug|Any CPU = Debug|Any CPU
		Release|Any CPU = Release|Any CPU
	EndGlobalSection
	GlobalSection(ProjectConfigurationPlatforms) = postSolution
		{C05872B1-C97E-4019-BD35-BFE07CB6CB9F}.Debug|Any CPU.ActiveCfg = Debug|Any CPU
		{C05872B1-C97E-4019-BD35-BFE07CB6CB9F}.Debug|Any CPU.Build.0 = Debug|Any CPU
		{C05872B1-C97E-4019-BD35-BFE07CB6CB9F}.Release|Any CPU.ActiveCfg = Release|Any CPU
		{C05872B1-C97E-4019-BD35-BFE07CB6CB9F}.Release|Any CPU.Build.0 = Release|Any CPU
	EndGlobalSection
	GlobalSection(SolutionProperties) = preSolution
		HideSolutionNode = FALSE
	EndGlobalSection
	GlobalSection(ExtensibilityGlobals) = postSolution
		SolutionGuid = {712013D7-2CFB-466F-BDAF-510AD209BF55}
	EndGlobalSection
EndGlobal
