
Microsoft Visual Studio Solution File, Format Version 12.00
# Visual Studio Version 16
VisualStudioVersion = 16.0.31729.503
MinimumVisualStudioVersion = 10.0.40219.1
Project("{FAE04EC0-301F-11D3-BF4B-00C04F79EFBC}") = "4noyabrtask", "4noyabrtask\4noyabrtask.csproj", "{C5D12BE3-4EA0-44E1-A2CD-41A4A3E25433}"
EndProject
Project("{2150E333-8FDC-42A3-9474-1A3956D46DE8}") = "NewClassProject FIle", "NewClassProject FIle", "{BC72A6DE-25F6-4F7D-9CA6-12CF564F437C}"
EndProject
Project("{FAE04EC0-301F-11D3-BF4B-00C04F79EFBC}") = "ClassLibraryProject", "ClassLibraryProject\ClassLibraryProject.csproj", "{70ED195F-F213-4936-8B59-CC35FEB44A8C}"
EndProject
Global
	GlobalSection(SolutionConfigurationPlatforms) = preSolution
		Debug|Any CPU = Debug|Any CPU
		Release|Any CPU = Release|Any CPU
	EndGlobalSection
	GlobalSection(ProjectConfigurationPlatforms) = postSolution
		{C5D12BE3-4EA0-44E1-A2CD-41A4A3E25433}.Debug|Any CPU.ActiveCfg = Debug|Any CPU
		{C5D12BE3-4EA0-44E1-A2CD-41A4A3E25433}.Debug|Any CPU.Build.0 = Debug|Any CPU
		{C5D12BE3-4EA0-44E1-A2CD-41A4A3E25433}.Release|Any CPU.ActiveCfg = Release|Any CPU
		{C5D12BE3-4EA0-44E1-A2CD-41A4A3E25433}.Release|Any CPU.Build.0 = Release|Any CPU
		{70ED195F-F213-4936-8B59-CC35FEB44A8C}.Debug|Any CPU.ActiveCfg = Debug|Any CPU
		{70ED195F-F213-4936-8B59-CC35FEB44A8C}.Debug|Any CPU.Build.0 = Debug|Any CPU
		{70ED195F-F213-4936-8B59-CC35FEB44A8C}.Release|Any CPU.ActiveCfg = Release|Any CPU
		{70ED195F-F213-4936-8B59-CC35FEB44A8C}.Release|Any CPU.Build.0 = Release|Any CPU
	EndGlobalSection
	GlobalSection(SolutionProperties) = preSolution
		HideSolutionNode = FALSE
	EndGlobalSection
	GlobalSection(NestedProjects) = preSolution
		{70ED195F-F213-4936-8B59-CC35FEB44A8C} = {BC72A6DE-25F6-4F7D-9CA6-12CF564F437C}
	EndGlobalSection
	GlobalSection(ExtensibilityGlobals) = postSolution
		SolutionGuid = {1FCA07A0-9F8B-4B02-8360-72EBD7DCC870}
	EndGlobalSection
EndGlobal
