
Microsoft Visual Studio Solution File, Format Version 12.00
# Visual Studio Version 16
VisualStudioVersion = 16.0.31729.503
MinimumVisualStudioVersion = 10.0.40219.1
Project("{FAE04EC0-301F-11D3-BF4B-00C04F79EFBC}") = "evtap3", "evtap3\evtap3.csproj", "{81DFEBD8-E368-4BA9-BDD0-8890BBA6B068}"
EndProject
Global
	GlobalSection(SolutionConfigurationPlatforms) = preSolution
		Debug|Any CPU = Debug|Any CPU
		Release|Any CPU = Release|Any CPU
	EndGlobalSection
	GlobalSection(ProjectConfigurationPlatforms) = postSolution
		{81DFEBD8-E368-4BA9-BDD0-8890BBA6B068}.Debug|Any CPU.ActiveCfg = Debug|Any CPU
		{81DFEBD8-E368-4BA9-BDD0-8890BBA6B068}.Debug|Any CPU.Build.0 = Debug|Any CPU
		{81DFEBD8-E368-4BA9-BDD0-8890BBA6B068}.Release|Any CPU.ActiveCfg = Release|Any CPU
		{81DFEBD8-E368-4BA9-BDD0-8890BBA6B068}.Release|Any CPU.Build.0 = Release|Any CPU
	EndGlobalSection
	GlobalSection(SolutionProperties) = preSolution
		HideSolutionNode = FALSE
	EndGlobalSection
	GlobalSection(ExtensibilityGlobals) = postSolution
		SolutionGuid = {697FA414-6943-4B0E-9365-5699508980B5}
	EndGlobalSection
EndGlobal
