
Microsoft Visual Studio Solution File, Format Version 12.00
# Visual Studio Version 16
VisualStudioVersion = 16.0.31729.503
MinimumVisualStudioVersion = 10.0.40219.1
Project("{FAE04EC0-301F-11D3-BF4B-00C04F79EFBC}") = "evtap6", "evtap6\evtap6.csproj", "{88466FBF-0D1E-4024-AC81-1768767B3877}"
EndProject
Global
	GlobalSection(SolutionConfigurationPlatforms) = preSolution
		Debug|Any CPU = Debug|Any CPU
		Release|Any CPU = Release|Any CPU
	EndGlobalSection
	GlobalSection(ProjectConfigurationPlatforms) = postSolution
		{88466FBF-0D1E-4024-AC81-1768767B3877}.Debug|Any CPU.ActiveCfg = Debug|Any CPU
		{88466FBF-0D1E-4024-AC81-1768767B3877}.Debug|Any CPU.Build.0 = Debug|Any CPU
		{88466FBF-0D1E-4024-AC81-1768767B3877}.Release|Any CPU.ActiveCfg = Release|Any CPU
		{88466FBF-0D1E-4024-AC81-1768767B3877}.Release|Any CPU.Build.0 = Release|Any CPU
	EndGlobalSection
	GlobalSection(SolutionProperties) = preSolution
		HideSolutionNode = FALSE
	EndGlobalSection
	GlobalSection(ExtensibilityGlobals) = postSolution
		SolutionGuid = {0A231C0D-980D-4D29-9293-8B2225B43C53}
	EndGlobalSection
EndGlobal
